
Microsoft Visual Studio Solution File, Format Version 12.00
# Visual Studio 14
VisualStudioVersion = 14.0.25123.0
MinimumVisualStudioVersion = 10.0.40219.1
Project("{FAE04EC0-301F-11D3-BF4B-00C04F79EFBC}") = "query_ldap", "query_ldap\query_ldap.csproj", "{669876A7-B175-4B5C-9A7F-CA32FFF4148C}"
EndProject
Global
	GlobalSection(SolutionConfigurationPlatforms) = preSolution
		Debug|Any CPU = Debug|Any CPU
		Release|Any CPU = Release|Any CPU
	EndGlobalSection
	GlobalSection(ProjectConfigurationPlatforms) = postSolution
		{669876A7-B175-4B5C-9A7F-CA32FFF4148C}.Debug|Any CPU.ActiveCfg = Debug|Any CPU
		{669876A7-B175-4B5C-9A7F-CA32FFF4148C}.Debug|Any CPU.Build.0 = Debug|Any CPU
		{669876A7-B175-4B5C-9A7F-CA32FFF4148C}.Release|Any CPU.ActiveCfg = Release|Any CPU
		{669876A7-B175-4B5C-9A7F-CA32FFF4148C}.Release|Any CPU.Build.0 = Release|Any CPU
	EndGlobalSection
	GlobalSection(SolutionProperties) = preSolution
		HideSolutionNode = FALSE
	EndGlobalSection
EndGlobal
